
Microsoft Visual Studio Solution File, Format Version 12.00
Project("{FAE04EC0-301F-11D3-BF4B-00C04F79EFBC}") = "DDD.Domain.Entities", "DDD.Domain.Entities\DDD.Domain.Entities.csproj", "{501B4D0B-D8FC-4FFC-B78B-28A9ED661BEA}"
EndProject
Project("{FAE04EC0-301F-11D3-BF4B-00C04F79EFBC}") = "DDD.Domain.Contracts", "DDD.Domain.Contracts\DDD.Domain.Contracts.csproj", "{A56C3FA0-CD69-4946-BFFB-4533D1352D52}"
EndProject
Project("{FAE04EC0-301F-11D3-BF4B-00C04F79EFBC}") = "DDD.Domain.Services", "DDD.Domain.Services\DDD.Domain.Services.csproj", "{FDF95FF4-D08E-429A-BA39-D1E5DA4EFD55}"
EndProject
Project("{FAE04EC0-301F-11D3-BF4B-00C04F79EFBC}") = "DDD.Domain.ApplicationServices", "DDD.Domain.ApplicationServices\DDD.Domain.ApplicationServices.csproj", "{C96CEB91-BBB1-48D3-9BE7-A22ECD038541}"
EndProject
Project("{2150E333-8FDC-42A3-9474-1A3956D46DE8}") = "Domain", "Domain", "{6385B474-C7DB-4390-A8BB-734FF5E88731}"
EndProject
Project("{2150E333-8FDC-42A3-9474-1A3956D46DE8}") = "Data", "Data", "{CDFBFAB0-5160-4E86-B398-623538F78621}"
EndProject
Project("{2150E333-8FDC-42A3-9474-1A3956D46DE8}") = "EndPoint", "EndPoint", "{B32B64DE-21FE-47B5-BBE8-A19235C2F5B3}"
EndProject
Project("{FAE04EC0-301F-11D3-BF4B-00C04F79EFBC}") = "DDD.EndPoint.WebMvc", "DDD.EndPoint.WebMvc\DDD.EndPoint.WebMvc.csproj", "{071D458F-B33C-41D4-B018-E3E450CC37A7}"
EndProject
Project("{FAE04EC0-301F-11D3-BF4B-00C04F79EFBC}") = "DDD.Data.EF", "DDD.Data.EF\DDD.Data.EF.csproj", "{0D925CD8-E6A3-49EA-9EFB-05E5874EC943}"
EndProject
Global
	GlobalSection(SolutionConfigurationPlatforms) = preSolution
		Debug|Any CPU = Debug|Any CPU
		Release|Any CPU = Release|Any CPU
	EndGlobalSection
	GlobalSection(ProjectConfigurationPlatforms) = postSolution
		{501B4D0B-D8FC-4FFC-B78B-28A9ED661BEA}.Debug|Any CPU.ActiveCfg = Debug|Any CPU
		{501B4D0B-D8FC-4FFC-B78B-28A9ED661BEA}.Debug|Any CPU.Build.0 = Debug|Any CPU
		{501B4D0B-D8FC-4FFC-B78B-28A9ED661BEA}.Release|Any CPU.ActiveCfg = Release|Any CPU
		{501B4D0B-D8FC-4FFC-B78B-28A9ED661BEA}.Release|Any CPU.Build.0 = Release|Any CPU
		{A56C3FA0-CD69-4946-BFFB-4533D1352D52}.Debug|Any CPU.ActiveCfg = Debug|Any CPU
		{A56C3FA0-CD69-4946-BFFB-4533D1352D52}.Debug|Any CPU.Build.0 = Debug|Any CPU
		{A56C3FA0-CD69-4946-BFFB-4533D1352D52}.Release|Any CPU.ActiveCfg = Release|Any CPU
		{A56C3FA0-CD69-4946-BFFB-4533D1352D52}.Release|Any CPU.Build.0 = Release|Any CPU
		{FDF95FF4-D08E-429A-BA39-D1E5DA4EFD55}.Debug|Any CPU.ActiveCfg = Debug|Any CPU
		{FDF95FF4-D08E-429A-BA39-D1E5DA4EFD55}.Debug|Any CPU.Build.0 = Debug|Any CPU
		{FDF95FF4-D08E-429A-BA39-D1E5DA4EFD55}.Release|Any CPU.ActiveCfg = Release|Any CPU
		{FDF95FF4-D08E-429A-BA39-D1E5DA4EFD55}.Release|Any CPU.Build.0 = Release|Any CPU
		{C96CEB91-BBB1-48D3-9BE7-A22ECD038541}.Debug|Any CPU.ActiveCfg = Debug|Any CPU
		{C96CEB91-BBB1-48D3-9BE7-A22ECD038541}.Debug|Any CPU.Build.0 = Debug|Any CPU
		{C96CEB91-BBB1-48D3-9BE7-A22ECD038541}.Release|Any CPU.ActiveCfg = Release|Any CPU
		{C96CEB91-BBB1-48D3-9BE7-A22ECD038541}.Release|Any CPU.Build.0 = Release|Any CPU
		{071D458F-B33C-41D4-B018-E3E450CC37A7}.Debug|Any CPU.ActiveCfg = Debug|Any CPU
		{071D458F-B33C-41D4-B018-E3E450CC37A7}.Debug|Any CPU.Build.0 = Debug|Any CPU
		{071D458F-B33C-41D4-B018-E3E450CC37A7}.Release|Any CPU.ActiveCfg = Release|Any CPU
		{071D458F-B33C-41D4-B018-E3E450CC37A7}.Release|Any CPU.Build.0 = Release|Any CPU
		{0D925CD8-E6A3-49EA-9EFB-05E5874EC943}.Debug|Any CPU.ActiveCfg = Debug|Any CPU
		{0D925CD8-E6A3-49EA-9EFB-05E5874EC943}.Debug|Any CPU.Build.0 = Debug|Any CPU
		{0D925CD8-E6A3-49EA-9EFB-05E5874EC943}.Release|Any CPU.ActiveCfg = Release|Any CPU
		{0D925CD8-E6A3-49EA-9EFB-05E5874EC943}.Release|Any CPU.Build.0 = Release|Any CPU
	EndGlobalSection
	GlobalSection(NestedProjects) = preSolution
		{C96CEB91-BBB1-48D3-9BE7-A22ECD038541} = {6385B474-C7DB-4390-A8BB-734FF5E88731}
		{A56C3FA0-CD69-4946-BFFB-4533D1352D52} = {6385B474-C7DB-4390-A8BB-734FF5E88731}
		{501B4D0B-D8FC-4FFC-B78B-28A9ED661BEA} = {6385B474-C7DB-4390-A8BB-734FF5E88731}
		{FDF95FF4-D08E-429A-BA39-D1E5DA4EFD55} = {6385B474-C7DB-4390-A8BB-734FF5E88731}
		{071D458F-B33C-41D4-B018-E3E450CC37A7} = {B32B64DE-21FE-47B5-BBE8-A19235C2F5B3}
		{0D925CD8-E6A3-49EA-9EFB-05E5874EC943} = {CDFBFAB0-5160-4E86-B398-623538F78621}
	EndGlobalSection
EndGlobal
